
Microsoft Visual Studio Solution File, Format Version 12.00
# Visual Studio Version 17
VisualStudioVersion = 17.13.35806.99
MinimumVisualStudioVersion = 10.0.40219.1
Project("{FAE04EC0-301F-11D3-BF4B-00C04F79EFBC}") = "TimeSheetServicePlanLibrary", "src\TimeSheetServicePlanLibrary\TimeSheetServicePlanLibrary.csproj", "{56FFB7A4-E89F-4CA2-A4B9-DBDE65FC513A}"
EndProject
Project("{FAE04EC0-301F-11D3-BF4B-00C04F79EFBC}") = "TimeSheetServicePlanWebApp", "src\TimeSheetServicePlanWebApp\TimeSheetServicePlanWebApp.csproj", "{DCF235FE-FF8C-4D52-8CB3-86182E9682ED}"
EndProject
Global
	GlobalSection(SolutionConfigurationPlatforms) = preSolution
		Debug|Any CPU = Debug|Any CPU
		Release|Any CPU = Release|Any CPU
	EndGlobalSection
	GlobalSection(ProjectConfigurationPlatforms) = postSolution
		{56FFB7A4-E89F-4CA2-A4B9-DBDE65FC513A}.Debug|Any CPU.ActiveCfg = Debug|Any CPU
		{56FFB7A4-E89F-4CA2-A4B9-DBDE65FC513A}.Debug|Any CPU.Build.0 = Debug|Any CPU
		{56FFB7A4-E89F-4CA2-A4B9-DBDE65FC513A}.Release|Any CPU.ActiveCfg = Release|Any CPU
		{56FFB7A4-E89F-4CA2-A4B9-DBDE65FC513A}.Release|Any CPU.Build.0 = Release|Any CPU
		{DCF235FE-FF8C-4D52-8CB3-86182E9682ED}.Debug|Any CPU.ActiveCfg = Debug|Any CPU
		{DCF235FE-FF8C-4D52-8CB3-86182E9682ED}.Debug|Any CPU.Build.0 = Debug|Any CPU
		{DCF235FE-FF8C-4D52-8CB3-86182E9682ED}.Release|Any CPU.ActiveCfg = Release|Any CPU
		{DCF235FE-FF8C-4D52-8CB3-86182E9682ED}.Release|Any CPU.Build.0 = Release|Any CPU
	EndGlobalSection
	GlobalSection(SolutionProperties) = preSolution
		HideSolutionNode = FALSE
	EndGlobalSection
	GlobalSection(ExtensibilityGlobals) = postSolution
		SolutionGuid = {E03AF9AC-CE5F-453D-8E92-210FE39AE52D}
	EndGlobalSection
EndGlobal
